// !$*UTF8*$!
{
	archiveVersion = 1;
	classes = {
	};
	objectVersion = 56;
	objects = {

/* Begin PBXBuildFile section */
		BD217B902A670160000058EA /* ToDoListDemoApp.swift in Sources */ = {isa = PBXBuildFile; fileRef = BD217B8F2A670160000058EA /* ToDoListDemoApp.swift */; };
		BD217B922A670160000058EA /* ContentView.swift in Sources */ = {isa = PBXBuildFile; fileRef = BD217B912A670160000058EA /* ContentView.swift */; };
		BD217B942A670161000058EA /* Assets.xcassets in Resources */ = {isa = PBXBuildFile; fileRef = BD217B932A670161000058EA /* Assets.xcassets */; };
		BD217B972A670161000058EA /* Preview Assets.xcassets in Resources */ = {isa = PBXBuildFile; fileRef = BD217B962A670161000058EA /* Preview Assets.xcassets */; };
		BD217BA12A670161000058EA /* ToDoListDemoTests.swift in Sources */ = {isa = PBXBuildFile; fileRef = BD217BA02A670161000058EA /* ToDoListDemoTests.swift */; };
		BD217BAB2A670161000058EA /* ToDoListDemoUITests.swift in Sources */ = {isa = PBXBuildFile; fileRef = BD217BAA2A670161000058EA /* ToDoListDemoUITests.swift */; };
		BD217BAD2A670161000058EA /* ToDoListDemoUITestsLaunchTests.swift in Sources */ = {isa = PBXBuildFile; fileRef = BD217BAC2A670161000058EA /* ToDoListDemoUITestsLaunchTests.swift */; };
/* End PBXBuildFile section */

/* Begin PBXContainerItemProxy section */
		BD217B9D2A670161000058EA /* PBXContainerItemProxy */ = {
			isa = PBXContainerItemProxy;
			containerPortal = BD217B842A670160000058EA /* Project object */;
			proxyType = 1;
			remoteGlobalIDString = BD217B8B2A670160000058EA;
			remoteInfo = ToDoListDemo;
		};
		BD217BA72A670161000058EA /* PBXContainerItemProxy */ = {
			isa = PBXContainerItemProxy;
			containerPortal = BD217B842A670160000058EA /* Project object */;
			proxyType = 1;
			remoteGlobalIDString = BD217B8B2A670160000058EA;
			remoteInfo = ToDoListDemo;
		};
/* End PBXContainerItemProxy section */

/* Begin PBXFileReference section */
		BD217B8C2A670160000058EA /* ToDoListDemo.app */ = {isa = PBXFileReference; explicitFileType = wrapper.application; includeInIndex = 0; path = ToDoListDemo.app; sourceTree = BUILT_PRODUCTS_DIR; };
		BD217B8F2A670160000058EA /* ToDoListDemoApp.swift */ = {isa = PBXFileReference; lastKnownFileType = sourcecode.swift; path = ToDoListDemoApp.swift; sourceTree = "<group>"; };
		BD217B912A670160000058EA /* ContentView.swift */ = {isa = PBXFileReference; lastKnownFileType = sourcecode.swift; path = ContentView.swift; sourceTree = "<group>"; };
		BD217B932A670161000058EA /* Assets.xcassets */ = {isa = PBXFileReference; lastKnownFileType = folder.assetcatalog; path = Assets.xcassets; sourceTree = "<group>"; };
		BD217B962A670161000058EA /* Preview Assets.xcassets */ = {isa = PBXFileReference; lastKnownFileType = folder.assetcatalog; path = "Preview Assets.xcassets"; sourceTree = "<group>"; };
		BD217B9C2A670161000058EA /* ToDoListDemoTests.xctest */ = {isa = PBXFileReference; explicitFileType = wrapper.cfbundle; includeInIndex = 0; path = ToDoListDemoTests.xctest; sourceTree = BUILT_PRODUCTS_DIR; };
		BD217BA02A670161000058EA /* ToDoListDemoTests.swift */ = {isa = PBXFileReference; lastKnownFileType = sourcecode.swift; path = ToDoListDemoTests.swift; sourceTree = "<group>"; };
		BD217BA62A670161000058EA /* ToDoListDemoUITests.xctest */ = {isa = PBXFileReference; explicitFileType = wrapper.cfbundle; includeInIndex = 0; path = ToDoListDemoUITests.xctest; sourceTree = BUILT_PRODUCTS_DIR; };
		BD217BAA2A670161000058EA /* ToDoListDemoUITests.swift */ = {isa = PBXFileReference; lastKnownFileType = sourcecode.swift; path = ToDoListDemoUITests.swift; sourceTree = "<group>"; };
		BD217BAC2A670161000058EA /* ToDoListDemoUITestsLaunchTests.swift */ = {isa = PBXFileReference; lastKnownFileType = sourcecode.swift; path = ToDoListDemoUITestsLaunchTests.swift; sourceTree = "<group>"; };
/* End PBXFileReference section */

/* Begin PBXFrameworksBuildPhase section */
		BD217B892A670160000058EA /* Frameworks */ = {
			isa = PBXFrameworksBuildPhase;
			buildActionMask = 2147483647;
			files = (
			);
			runOnlyForDeploymentPostprocessing = 0;
		};
		BD217B992A670161000058EA /* Frameworks */ = {
			isa = PBXFrameworksBuildPhase;
			buildActionMask = 2147483647;
			files = (
			);
			runOnlyForDeploymentPostprocessing = 0;
		};
		BD217BA32A670161000058EA /* Frameworks */ = {
			isa = PBXFrameworksBuildPhase;
			buildActionMask = 2147483647;
			files = (
			);
			runOnlyForDeploymentPostprocessing = 0;
		};
/* End PBXFrameworksBuildPhase section */

/* Begin PBXGroup section */
		BD217B832A670160000058EA = {
			isa = PBXGroup;
			children = (
				BD217B8E2A670160000058EA /* ToDoListDemo */,
				BD217B9F2A670161000058EA /* ToDoListDemoTests */,
				BD217BA92A670161000058EA /* ToDoListDemoUITests */,
				BD217B8D2A670160000058EA /* Products */,
			);
			sourceTree = "<group>";
		};
		BD217B8D2A670160000058EA /* Products */ = {
			isa = PBXGroup;
			children = (
				BD217B8C2A670160000058EA /* ToDoListDemo.app */,
				BD217B9C2A670161000058EA /* ToDoListDemoTests.xctest */,
				BD217BA62A670161000058EA /* ToDoListDemoUITests.xctest */,
			);
			name = Products;
			sourceTree = "<group>";
		};
		BD217B8E2A670160000058EA /* ToDoListDemo */ = {
			isa = PBXGroup;
			children = (
				BD217B8F2A670160000058EA /* ToDoListDemoApp.swift */,
				BD217B912A670160000058EA /* ContentView.swift */,
				BD217B932A670161000058EA /* Assets.xcassets */,
				BD217B952A670161000058EA /* Preview Content */,
			);
			path = ToDoListDemo;
			sourceTree = "<group>";
		};
		BD217B952A670161000058EA /* Preview Content */ = {
			isa = PBXGroup;
			children = (
				BD217B962A670161000058EA /* Preview Assets.xcassets */,
			);
			path = "Preview Content";
			sourceTree = "<group>";
		};
		BD217B9F2A670161000058EA /* ToDoListDemoTests */ = {
			isa = PBXGroup;
			children = (
				BD217BA02A670161000058EA /* ToDoListDemoTests.swift */,
			);
			path = ToDoListDemoTests;
			sourceTree = "<group>";
		};
		BD217BA92A670161000058EA /* ToDoListDemoUITests */ = {
			isa = PBXGroup;
			children = (
				BD217BAA2A670161000058EA /* ToDoListDemoUITests.swift */,
				BD217BAC2A670161000058EA /* ToDoListDemoUITestsLaunchTests.swift */,
			);
			path = ToDoListDemoUITests;
			sourceTree = "<group>";
		};
/* End PBXGroup section */

/* Begin PBXNativeTarget section */
		BD217B8B2A670160000058EA /* ToDoListDemo */ = {
			isa = PBXNativeTarget;
			buildConfigurationList = BD217BB02A670161000058EA /* Build configuration list for PBXNativeTarget "ToDoListDemo" */;
			buildPhases = (
				BD217B882A670160000058EA /* Sources */,
				BD217B892A670160000058EA /* Frameworks */,
				BD217B8A2A670160000058EA /* Resources */,
			);
			buildRules = (
			);
			dependencies = (
			);
			name = ToDoListDemo;
			productName = ToDoListDemo;
			productReference = BD217B8C2A670160000058EA /* ToDoListDemo.app */;
			productType = "com.apple.product-type.application";
		};
		BD217B9B2A670161000058EA /* ToDoListDemoTests */ = {
			isa = PBXNativeTarget;
			buildConfigurationList = BD217BB32A670161000058EA /* Build configuration list for PBXNativeTarget "ToDoListDemoTests" */;
			buildPhases = (
				BD217B982A670161000058EA /* Sources */,
				BD217B992A670161000058EA /* Frameworks */,
				BD217B9A2A670161000058EA /* Resources */,
			);
			buildRules = (
			);
			dependencies = (
				BD217B9E2A670161000058EA /* PBXTargetDependency */,
			);
			name = ToDoListDemoTests;
			productName = ToDoListDemoTests;
			productReference = BD217B9C2A670161000058EA /* ToDoListDemoTests.xctest */;
			productType = "com.apple.product-type.bundle.unit-test";
		};
		BD217BA52A670161000058EA /* ToDoListDemoUITests */ = {
			isa = PBXNativeTarget;
			buildConfigurationList = BD217BB62A670161000058EA /* Build configuration list for PBXNativeTarget "ToDoListDemoUITests" */;
			buildPhases = (
				BD217BA22A670161000058EA /* Sources */,
				BD217BA32A670161000058EA /* Frameworks */,
				BD217BA42A670161000058EA /* Resources */,
			);
			buildRules = (
			);
			dependencies = (
				BD217BA82A670161000058EA /* PBXTargetDependency */,
			);
			name = ToDoListDemoUITests;
			productName = ToDoListDemoUITests;
			productReference = BD217BA62A670161000058EA /* ToDoListDemoUITests.xctest */;
			productType = "com.apple.product-type.bundle.ui-testing";
		};
/* End PBXNativeTarget section */

/* Begin PBXProject section */
		BD217B842A670160000058EA /* Project object */ = {
			isa = PBXProject;
			attributes = {
				BuildIndependentTargetsInParallel = 1;
				LastSwiftUpdateCheck = 1430;
				LastUpgradeCheck = 1430;
				TargetAttributes = {
					BD217B8B2A670160000058EA = {
						CreatedOnToolsVersion = 14.3.1;
					};
					BD217B9B2A670161000058EA = {
						CreatedOnToolsVersion = 14.3.1;
						TestTargetID = BD217B8B2A670160000058EA;
					};
					BD217BA52A670161000058EA = {
						CreatedOnToolsVersion = 14.3.1;
						TestTargetID = BD217B8B2A670160000058EA;
					};
				};
			};
			buildConfigurationList = BD217B872A670160000058EA /* Build configuration list for PBXProject "ToDoListDemo" */;
			compatibilityVersion = "Xcode 14.0";
			developmentRegion = en;
			hasScannedForEncodings = 0;
			knownRegions = (
				en,
				Base,
			);
			mainGroup = BD217B832A670160000058EA;
			productRefGroup = BD217B8D2A670160000058EA /* Products */;
			projectDirPath = "";
			projectRoot = "";
			targets = (
				BD217B8B2A670160000058EA /* ToDoListDemo */,
				BD217B9B2A670161000058EA /* ToDoListDemoTests */,
				BD217BA52A670161000058EA /* ToDoListDemoUITests */,
			);
		};
/* End PBXProject section */

/* Begin PBXResourcesBuildPhase section */
		BD217B8A2A670160000058EA /* Resources */ = {
			isa = PBXResourcesBuildPhase;
			buildActionMask = 2147483647;
			files = (
				BD217B972A670161000058EA /* Preview Assets.xcassets in Resources */,
				BD217B942A670161000058EA /* Assets.xcassets in Resources */,
			);
			runOnlyForDeploymentPostprocessing = 0;
		};
		BD217B9A2A670161000058EA /* Resources */ = {
			isa = PBXResourcesBuildPhase;
			buildActionMask = 2147483647;
			files = (
			);
			runOnlyForDeploymentPostprocessing = 0;
		};
		BD217BA42A670161000058EA /* Resources */ = {
			isa = PBXResourcesBuildPhase;
			buildActionMask = 2147483647;
			files = (
			);
			runOnlyForDeploymentPostprocessing = 0;
		};
/* End PBXResourcesBuildPhase section */

/* Begin PBXSourcesBuildPhase section */
		BD217B882A670160000058EA /* Sources */ = {
			isa = PBXSourcesBuildPhase;
			buildActionMask = 2147483647;
			files = (
				BD217B922A670160000058EA /* ContentView.swift in Sources */,
				BD217B902A670160000058EA /* ToDoListDemoApp.swift in Sources */,
			);
			runOnlyForDeploymentPostprocessing = 0;
		};
		BD217B982A670161000058EA /* Sources */ = {
			isa = PBXSourcesBuildPhase;
			buildActionMask = 2147483647;
			files = (
				BD217BA12A670161000058EA /* ToDoListDemoTests.swift in Sources */,
			);
			runOnlyForDeploymentPostprocessing = 0;
		};
		BD217BA22A670161000058EA /* Sources */ = {
			isa = PBXSourcesBuildPhase;
			buildActionMask = 2147483647;
			files = (
				BD217BAB2A670161000058EA /* ToDoListDemoUITests.swift in Sources */,
				BD217BAD2A670161000058EA /* ToDoListDemoUITestsLaunchTests.swift in Sources */,
			);
			runOnlyForDeploymentPostprocessing = 0;
		};
/* End PBXSourcesBuildPhase section */

/* Begin PBXTargetDependency section */
		BD217B9E2A670161000058EA /* PBXTargetDependency */ = {
			isa = PBXTargetDependency;
			target = BD217B8B2A670160000058EA /* ToDoListDemo */;
			targetProxy = BD217B9D2A670161000058EA /* PBXContainerItemProxy */;
		};
		BD217BA82A670161000058EA /* PBXTargetDependency */ = {
			isa = PBXTargetDependency;
			target = BD217B8B2A670160000058EA /* ToDoListDemo */;
			targetProxy = BD217BA72A670161000058EA /* PBXContainerItemProxy */;
		};
/* End PBXTargetDependency section */

/* Begin XCBuildConfiguration section */
		BD217BAE2A670161000058EA /* Debug */ = {
			isa = XCBuildConfiguration;
			buildSettings = {
				ALWAYS_SEARCH_USER_PATHS = NO;
				CLANG_ANALYZER_NONNULL = YES;
				CLANG_ANALYZER_NUMBER_OBJECT_CONVERSION = YES_AGGRESSIVE;
				CLANG_CXX_LANGUAGE_STANDARD = "gnu++20";
				CLANG_ENABLE_MODULES = YES;
				CLANG_ENABLE_OBJC_ARC = YES;
				CLANG_ENABLE_OBJC_WEAK = YES;
				CLANG_WARN_BLOCK_CAPTURE_AUTORELEASING = YES;
				CLANG_WARN_BOOL_CONVERSION = YES;
				CLANG_WARN_COMMA = YES;
				CLANG_WARN_CONSTANT_CONVERSION = YES;
				CLANG_WARN_DEPRECATED_OBJC_IMPLEMENTATIONS = YES;
				CLANG_WARN_DIRECT_OBJC_ISA_USAGE = YES_ERROR;
				CLANG_WARN_DOCUMENTATION_COMMENTS = YES;
				CLANG_WARN_EMPTY_BODY = YES;
				CLANG_WARN_ENUM_CONVERSION = YES;
				CLANG_WARN_INFINITE_RECURSION = YES;
				CLANG_WARN_INT_CONVERSION = YES;
				CLANG_WARN_NON_LITERAL_NULL_CONVERSION = YES;
				CLANG_WARN_OBJC_IMPLICIT_RETAIN_SELF = YES;
				CLANG_WARN_OBJC_LITERAL_CONVERSION = YES;
				CLANG_WARN_OBJC_ROOT_CLASS = YES_ERROR;
				CLANG_WARN_QUOTED_INCLUDE_IN_FRAMEWORK_HEADER = YES;
				CLANG_WARN_RANGE_LOOP_ANALYSIS = YES;
				CLANG_WARN_STRICT_PROTOTYPES = YES;
				CLANG_WARN_SUSPICIOUS_MOVE = YES;
				CLANG_WARN_UNGUARDED_AVAILABILITY = YES_AGGRESSIVE;
				CLANG_WARN_UNREACHABLE_CODE = YES;
				CLANG_WARN__DUPLICATE_METHOD_MATCH = YES;
				COPY_PHASE_STRIP = NO;
				DEBUG_INFORMATION_FORMAT = dwarf;
				ENABLE_STRICT_OBJC_MSGSEND = YES;
				ENABLE_TESTABILITY = YES;
				GCC_C_LANGUAGE_STANDARD = gnu11;
				GCC_DYNAMIC_NO_PIC = NO;
				GCC_NO_COMMON_BLOCKS = YES;
				GCC_OPTIMIZATION_LEVEL = 0;
				GCC_PREPROCESSOR_DEFINITIONS = (
					"DEBUG=1",
					"$(inherited)",
				);
				GCC_WARN_64_TO_32_BIT_CONVERSION = YES;
				GCC_WARN_ABOUT_RETURN_TYPE = YES_ERROR;
				GCC_WARN_UNDECLARED_SELECTOR = YES;
				GCC_WARN_UNINITIALIZED_AUTOS = YES_AGGRESSIVE;
				GCC_WARN_UNUSED_FUNCTION = YES;
				GCC_WARN_UNUSED_VARIABLE = YES;
				IPHONEOS_DEPLOYMENT_TARGET = 16.4;
				MTL_ENABLE_DEBUG_INFO = INCLUDE_SOURCE;
				MTL_FAST_MATH = YES;
				ONLY_ACTIVE_ARCH = YES;
				SDKROOT = iphoneos;
				SWIFT_ACTIVE_COMPILATION_CONDITIONS = DEBUG;
				SWIFT_OPTIMIZATION_LEVEL = "-Onone";
			};
			name = Debug;
		};
		BD217BAF2A670161000058EA /* Release */ = {
			isa = XCBuildConfiguration;
			buildSettings = {
				ALWAYS_SEARCH_USER_PATHS = NO;
				CLANG_ANALYZER_NONNULL = YES;
				CLANG_ANALYZER_NUMBER_OBJECT_CONVERSION = YES_AGGRESSIVE;
				CLANG_CXX_LANGUAGE_STANDARD = "gnu++20";
				CLANG_ENABLE_MODULES = YES;
				CLANG_ENABLE_OBJC_ARC = YES;
				CLANG_ENABLE_OBJC_WEAK = YES;
				CLANG_WARN_BLOCK_CAPTURE_AUTORELEASING = YES;
				CLANG_WARN_BOOL_CONVERSION = YES;
				CLANG_WARN_COMMA = YES;
				CLANG_WARN_CONSTANT_CONVERSION = YES;
				CLANG_WARN_DEPRECATED_OBJC_IMPLEMENTATIONS = YES;
				CLANG_WARN_DIRECT_OBJC_ISA_USAGE = YES_ERROR;
				CLANG_WARN_DOCUMENTATION_COMMENTS = YES;
				CLANG_WARN_EMPTY_BODY = YES;
				CLANG_WARN_ENUM_CONVERSION = YES;
				CLANG_WARN_INFINITE_RECURSION = YES;
				CLANG_WARN_INT_CONVERSION = YES;
				CLANG_WARN_NON_LITERAL_NULL_CONVERSION = YES;
				CLANG_WARN_OBJC_IMPLICIT_RETAIN_SELF = YES;
				CLANG_WARN_OBJC_LITERAL_CONVERSION = YES;
				CLANG_WARN_OBJC_ROOT_CLASS = YES_ERROR;
				CLANG_WARN_QUOTED_INCLUDE_IN_FRAMEWORK_HEADER = YES;
				CLANG_WARN_RANGE_LOOP_ANALYSIS = YES;
				CLANG_WARN_STRICT_PROTOTYPES = YES;
				CLANG_WARN_SUSPICIOUS_MOVE = YES;
				CLANG_WARN_UNGUARDED_AVAILABILITY = YES_AGGRESSIVE;
				CLANG_WARN_UNREACHABLE_CODE = YES;
				CLANG_WARN__DUPLICATE_METHOD_MATCH = YES;
				COPY_PHASE_STRIP = NO;
				DEBUG_INFORMATION_FORMAT = "dwarf-with-dsym";
				ENABLE_NS_ASSERTIONS = NO;
				ENABLE_STRICT_OBJC_MSGSEND = YES;
				GCC_C_LANGUAGE_STANDARD = gnu11;
				GCC_NO_COMMON_BLOCKS = YES;
				GCC_WARN_64_TO_32_BIT_CONVERSION = YES;
				GCC_WARN_ABOUT_RETURN_TYPE = YES_ERROR;
				GCC_WARN_UNDECLARED_SELECTOR = YES;
				GCC_WARN_UNINITIALIZED_AUTOS = YES_AGGRESSIVE;
				GCC_WARN_UNUSED_FUNCTION = YES;
				GCC_WARN_UNUSED_VARIABLE = YES;
				IPHONEOS_DEPLOYMENT_TARGET = 16.4;
				MTL_ENABLE_DEBUG_INFO = NO;
				MTL_FAST_MATH = YES;
				SDKROOT = iphoneos;
				SWIFT_COMPILATION_MODE = wholemodule;
				SWIFT_OPTIMIZATION_LEVEL = "-O";
				VALIDATE_PRODUCT = YES;
			};
			name = Release;
		};
		BD217BB12A670161000058EA /* Debug */ = {
			isa = XCBuildConfiguration;
			buildSettings = {
				ASSETCATALOG_COMPILER_APPICON_NAME = AppIcon;
				ASSETCATALOG_COMPILER_GLOBAL_ACCENT_COLOR_NAME = AccentColor;
				CODE_SIGN_STYLE = Automatic;
				CURRENT_PROJECT_VERSION = 1;
				DEVELOPMENT_ASSET_PATHS = "\"ToDoListDemo/Preview Content\"";
				DEVELOPMENT_TEAM = HW97734996;
				ENABLE_PREVIEWS = YES;
				GENERATE_INFOPLIST_FILE = YES;
				INFOPLIST_KEY_UIApplicationSceneManifest_Generation = YES;
				INFOPLIST_KEY_UIApplicationSupportsIndirectInputEvents = YES;
				INFOPLIST_KEY_UILaunchScreen_Generation = YES;
				INFOPLIST_KEY_UISupportedInterfaceOrientations_iPad = "UIInterfaceOrientationPortrait UIInterfaceOrientationPortraitUpsideDown UIInterfaceOrientationLandscapeLeft UIInterfaceOrientationLandscapeRight";
				INFOPLIST_KEY_UISupportedInterfaceOrientations_iPhone = "UIInterfaceOrientationPortrait UIInterfaceOrientationLandscapeLeft UIInterfaceOrientationLandscapeRight";
				LD_RUNPATH_SEARCH_PATHS = (
					"$(inherited)",
					"@executable_path/Frameworks",
				);
				MARKETING_VERSION = 1.0;
				PRODUCT_BUNDLE_IDENTIFIER = "Kode-With-Klossy.ToDoListDemo";
				PRODUCT_NAME = "$(TARGET_NAME)";
				SWIFT_EMIT_LOC_STRINGS = YES;
				SWIFT_VERSION = 5.0;
				TARGETED_DEVICE_FAMILY = "1,2";
			};
			name = Debug;
		};
		BD217BB22A670161000058EA /* Release */ = {
			isa = XCBuildConfiguration;
			buildSettings = {
				ASSETCATALOG_COMPILER_APPICON_NAME = AppIcon;
				ASSETCATALOG_COMPILER_GLOBAL_ACCENT_COLOR_NAME = AccentColor;
				CODE_SIGN_STYLE = Automatic;
				CURRENT_PROJECT_VERSION = 1;
				DEVELOPMENT_ASSET_PATHS = "\"ToDoListDemo/Preview Content\"";
				DEVELOPMENT_TEAM = HW97734996;
				ENABLE_PREVIEWS = YES;
				GENERATE_INFOPLIST_FILE = YES;
				INFOPLIST_KEY_UIApplicationSceneManifest_Generation = YES;
				INFOPLIST_KEY_UIApplicationSupportsIndirectInputEvents = YES;
				INFOPLIST_KEY_UILaunchScreen_Generation = YES;
				INFOPLIST_KEY_UISupportedInterfaceOrientations_iPad = "UIInterfaceOrientationPortrait UIInterfaceOrientationPortraitUpsideDown UIInterfaceOrientationLandscapeLeft UIInterfaceOrientationLandscapeRight";
				INFOPLIST_KEY_UISupportedInterfaceOrientations_iPhone = "UIInterfaceOrientationPortrait UIInterfaceOrientationLandscapeLeft UIInterfaceOrientationLandscapeRight";
				LD_RUNPATH_SEARCH_PATHS = (
					"$(inherited)",
					"@executable_path/Frameworks",
				);
				MARKETING_VERSION = 1.0;
				PRODUCT_BUNDLE_IDENTIFIER = "Kode-With-Klossy.ToDoListDemo";
				PRODUCT_NAME = "$(TARGET_NAME)";
				SWIFT_EMIT_LOC_STRINGS = YES;
				SWIFT_VERSION = 5.0;
				TARGETED_DEVICE_FAMILY = "1,2";
			};
			name = Release;
		};
		BD217BB42A670161000058EA /* Debug */ = {
			isa = XCBuildConfiguration;
			buildSettings = {
				ALWAYS_EMBED_SWIFT_STANDARD_LIBRARIES = YES;
				BUNDLE_LOADER = "$(TEST_HOST)";
				CODE_SIGN_STYLE = Automatic;
				CURRENT_PROJECT_VERSION = 1;
				DEVELOPMENT_TEAM = HW97734996;
				GENERATE_INFOPLIST_FILE = YES;
				IPHONEOS_DEPLOYMENT_TARGET = 16.4;
				MARKETING_VERSION = 1.0;
				PRODUCT_BUNDLE_IDENTIFIER = "Kode-With-Klossy.ToDoListDemoTests";
				PRODUCT_NAME = "$(TARGET_NAME)";
				SWIFT_EMIT_LOC_STRINGS = NO;
				SWIFT_VERSION = 5.0;
				TARGETED_DEVICE_FAMILY = "1,2";
				TEST_HOST = "$(BUILT_PRODUCTS_DIR)/ToDoListDemo.app/$(BUNDLE_EXECUTABLE_FOLDER_PATH)/ToDoListDemo";
			};
			name = Debug;
		};
		BD217BB52A670161000058EA /* Release */ = {
			isa = XCBuildConfiguration;
			buildSettings = {
				ALWAYS_EMBED_SWIFT_STANDARD_LIBRARIES = YES;
				BUNDLE_LOADER = "$(TEST_HOST)";
				CODE_SIGN_STYLE = Automatic;
				CURRENT_PROJECT_VERSION = 1;
				DEVELOPMENT_TEAM = HW97734996;
				GENERATE_INFOPLIST_FILE = YES;
				IPHONEOS_DEPLOYMENT_TARGET = 16.4;
				MARKETING_VERSION = 1.0;
				PRODUCT_BUNDLE_IDENTIFIER = "Kode-With-Klossy.ToDoListDemoTests";
				PRODUCT_NAME = "$(TARGET_NAME)";
				SWIFT_EMIT_LOC_STRINGS = NO;
				SWIFT_VERSION = 5.0;
				TARGETED_DEVICE_FAMILY = "1,2";
				TEST_HOST = "$(BUILT_PRODUCTS_DIR)/ToDoListDemo.app/$(BUNDLE_EXECUTABLE_FOLDER_PATH)/ToDoListDemo";
			};
			name = Release;
		};
		BD217BB72A670161000058EA /* Debug */ = {
			isa = XCBuildConfiguration;
			buildSettings = {
				ALWAYS_EMBED_SWIFT_STANDARD_LIBRARIES = YES;
				CODE_SIGN_STYLE = Automatic;
				CURRENT_PROJECT_VERSION = 1;
				DEVELOPMENT_TEAM = HW97734996;
				GENERATE_INFOPLIST_FILE = YES;
				MARKETING_VERSION = 1.0;
				PRODUCT_BUNDLE_IDENTIFIER = "Kode-With-Klossy.ToDoListDemoUITests";
				PRODUCT_NAME = "$(TARGET_NAME)";
				SWIFT_EMIT_LOC_STRINGS = NO;
				SWIFT_VERSION = 5.0;
				TARGETED_DEVICE_FAMILY = "1,2";
				TEST_TARGET_NAME = ToDoListDemo;
			};
			name = Debug;
		};
		BD217BB82A670161000058EA /* Release */ = {
			isa = XCBuildConfiguration;
			buildSettings = {
				ALWAYS_EMBED_SWIFT_STANDARD_LIBRARIES = YES;
				CODE_SIGN_STYLE = Automatic;
				CURRENT_PROJECT_VERSION = 1;
				DEVELOPMENT_TEAM = HW97734996;
				GENERATE_INFOPLIST_FILE = YES;
				MARKETING_VERSION = 1.0;
				PRODUCT_BUNDLE_IDENTIFIER = "Kode-With-Klossy.ToDoListDemoUITests";
				PRODUCT_NAME = "$(TARGET_NAME)";
				SWIFT_EMIT_LOC_STRINGS = NO;
				SWIFT_VERSION = 5.0;
				TARGETED_DEVICE_FAMILY = "1,2";
				TEST_TARGET_NAME = ToDoListDemo;
			};
			name = Release;
		};
/* End XCBuildConfiguration section */

/* Begin XCConfigurationList section */
		BD217B872A670160000058EA /* Build configuration list for PBXProject "ToDoListDemo" */ = {
			isa = XCConfigurationList;
			buildConfigurations = (
				BD217BAE2A670161000058EA /* Debug */,
				BD217BAF2A670161000058EA /* Release */,
			);
			defaultConfigurationIsVisible = 0;
			defaultConfigurationName = Release;
		};
		BD217BB02A670161000058EA /* Build configuration list for PBXNativeTarget "ToDoListDemo" */ = {
			isa = XCConfigurationList;
			buildConfigurations = (
				BD217BB12A670161000058EA /* Debug */,
				BD217BB22A670161000058EA /* Release */,
			);
			defaultConfigurationIsVisible = 0;
			defaultConfigurationName = Release;
		};
		BD217BB32A670161000058EA /* Build configuration list for PBXNativeTarget "ToDoListDemoTests" */ = {
			isa = XCConfigurationList;
			buildConfigurations = (
				BD217BB42A670161000058EA /* Debug */,
				BD217BB52A670161000058EA /* Release */,
			);
			defaultConfigurationIsVisible = 0;
			defaultConfigurationName = Release;
		};
		BD217BB62A670161000058EA /* Build configuration list for PBXNativeTarget "ToDoListDemoUITests" */ = {
			isa = XCConfigurationList;
			buildConfigurations = (
				BD217BB72A670161000058EA /* Debug */,
				BD217BB82A670161000058EA /* Release */,
			);
			defaultConfigurationIsVisible = 0;
			defaultConfigurationName = Release;
		};
/* End XCConfigurationList section */
	};
	rootObject = BD217B842A670160000058EA /* Project object */;
}
